
Microsoft Visual Studio Solution File, Format Version 12.00
# Visual Studio Version 16
VisualStudioVersion = 16.0.30503.244
MinimumVisualStudioVersion = 10.0.40219.1
Project("{FAE04EC0-301F-11D3-BF4B-00C04F79EFBC}") = "MMEX.Desktop", "MMEX.Desktop\MMEX.Desktop.csproj", "{DDE2106F-D3D8-46B2-8206-0AB94772A5D1}"
	ProjectSection(ProjectDependencies) = postProject
		{FC73480C-C339-40E6-A8E5-B1F0CCBF1A75} = {FC73480C-C339-40E6-A8E5-B1F0CCBF1A75}
		{12B0750F-0007-4FAC-95D0-1CC42379D16B} = {12B0750F-0007-4FAC-95D0-1CC42379D16B}
		{924C3F7B-1067-4959-B147-EF67AD0F4B7C} = {924C3F7B-1067-4959-B147-EF67AD0F4B7C}
		{F500E4F2-BDC2-437B-AD5B-F412F6F43564} = {F500E4F2-BDC2-437B-AD5B-F412F6F43564}
	EndProjectSection
EndProject
Project("{FAE04EC0-301F-11D3-BF4B-00C04F79EFBC}") = "MMEX.Common.Data", "MMEX.Common\MMEX.Common.Data\MMEX.Common.Data.csproj", "{12B0750F-0007-4FAC-95D0-1CC42379D16B}"
EndProject
Project("{FAE04EC0-301F-11D3-BF4B-00C04F79EFBC}") = "MMEX.Common.Extensions", "MMEX.Common\MMEX.Common.Extensions\MMEX.Common.Extensions.csproj", "{924C3F7B-1067-4959-B147-EF67AD0F4B7C}"
EndProject
Project("{FAE04EC0-301F-11D3-BF4B-00C04F79EFBC}") = "MMEX.Common.Helpers", "MMEX.Common\MMEX.Common.Helpers\MMEX.Common.Helpers.csproj", "{FC73480C-C339-40E6-A8E5-B1F0CCBF1A75}"
EndProject
Project("{FAE04EC0-301F-11D3-BF4B-00C04F79EFBC}") = "MMEX.Common.Resources", "MMEX.Common\MMEX.Common.Resources\MMEX.Common.Resources.csproj", "{F500E4F2-BDC2-437B-AD5B-F412F6F43564}"
EndProject
Global
	GlobalSection(SolutionConfigurationPlatforms) = preSolution
		Debug|Any CPU = Debug|Any CPU
		Debug|x64 = Debug|x64
		Debug|x86 = Debug|x86
		Release|Any CPU = Release|Any CPU
		Release|x64 = Release|x64
		Release|x86 = Release|x86
	EndGlobalSection
	GlobalSection(ProjectConfigurationPlatforms) = postSolution
		{DDE2106F-D3D8-46B2-8206-0AB94772A5D1}.Debug|Any CPU.ActiveCfg = Debug|Any CPU
		{DDE2106F-D3D8-46B2-8206-0AB94772A5D1}.Debug|Any CPU.Build.0 = Debug|Any CPU
		{DDE2106F-D3D8-46B2-8206-0AB94772A5D1}.Debug|x64.ActiveCfg = Debug|x64
		{DDE2106F-D3D8-46B2-8206-0AB94772A5D1}.Debug|x64.Build.0 = Debug|x64
		{DDE2106F-D3D8-46B2-8206-0AB94772A5D1}.Debug|x86.ActiveCfg = Debug|x86
		{DDE2106F-D3D8-46B2-8206-0AB94772A5D1}.Debug|x86.Build.0 = Debug|x86
		{DDE2106F-D3D8-46B2-8206-0AB94772A5D1}.Release|Any CPU.ActiveCfg = Release|Any CPU
		{DDE2106F-D3D8-46B2-8206-0AB94772A5D1}.Release|Any CPU.Build.0 = Release|Any CPU
		{DDE2106F-D3D8-46B2-8206-0AB94772A5D1}.Release|x64.ActiveCfg = Release|x64
		{DDE2106F-D3D8-46B2-8206-0AB94772A5D1}.Release|x64.Build.0 = Release|x64
		{DDE2106F-D3D8-46B2-8206-0AB94772A5D1}.Release|x86.ActiveCfg = Release|x86
		{DDE2106F-D3D8-46B2-8206-0AB94772A5D1}.Release|x86.Build.0 = Release|x86
		{12B0750F-0007-4FAC-95D0-1CC42379D16B}.Debug|Any CPU.ActiveCfg = Debug|Any CPU
		{12B0750F-0007-4FAC-95D0-1CC42379D16B}.Debug|Any CPU.Build.0 = Debug|Any CPU
		{12B0750F-0007-4FAC-95D0-1CC42379D16B}.Debug|x64.ActiveCfg = Debug|Any CPU
		{12B0750F-0007-4FAC-95D0-1CC42379D16B}.Debug|x64.Build.0 = Debug|Any CPU
		{12B0750F-0007-4FAC-95D0-1CC42379D16B}.Debug|x86.ActiveCfg = Debug|Any CPU
		{12B0750F-0007-4FAC-95D0-1CC42379D16B}.Debug|x86.Build.0 = Debug|Any CPU
		{12B0750F-0007-4FAC-95D0-1CC42379D16B}.Release|Any CPU.ActiveCfg = Release|Any CPU
		{12B0750F-0007-4FAC-95D0-1CC42379D16B}.Release|Any CPU.Build.0 = Release|Any CPU
		{12B0750F-0007-4FAC-95D0-1CC42379D16B}.Release|x64.ActiveCfg = Release|Any CPU
		{12B0750F-0007-4FAC-95D0-1CC42379D16B}.Release|x64.Build.0 = Release|Any CPU
		{12B0750F-0007-4FAC-95D0-1CC42379D16B}.Release|x86.ActiveCfg = Release|Any CPU
		{12B0750F-0007-4FAC-95D0-1CC42379D16B}.Release|x86.Build.0 = Release|Any CPU
		{924C3F7B-1067-4959-B147-EF67AD0F4B7C}.Debug|Any CPU.ActiveCfg = Debug|Any CPU
		{924C3F7B-1067-4959-B147-EF67AD0F4B7C}.Debug|Any CPU.Build.0 = Debug|Any CPU
		{924C3F7B-1067-4959-B147-EF67AD0F4B7C}.Debug|x64.ActiveCfg = Debug|Any CPU
		{924C3F7B-1067-4959-B147-EF67AD0F4B7C}.Debug|x64.Build.0 = Debug|Any CPU
		{924C3F7B-1067-4959-B147-EF67AD0F4B7C}.Debug|x86.ActiveCfg = Debug|Any CPU
		{924C3F7B-1067-4959-B147-EF67AD0F4B7C}.Debug|x86.Build.0 = Debug|Any CPU
		{924C3F7B-1067-4959-B147-EF67AD0F4B7C}.Release|Any CPU.ActiveCfg = Release|Any CPU
		{924C3F7B-1067-4959-B147-EF67AD0F4B7C}.Release|Any CPU.Build.0 = Release|Any CPU
		{924C3F7B-1067-4959-B147-EF67AD0F4B7C}.Release|x64.ActiveCfg = Release|Any CPU
		{924C3F7B-1067-4959-B147-EF67AD0F4B7C}.Release|x64.Build.0 = Release|Any CPU
		{924C3F7B-1067-4959-B147-EF67AD0F4B7C}.Release|x86.ActiveCfg = Release|Any CPU
		{924C3F7B-1067-4959-B147-EF67AD0F4B7C}.Release|x86.Build.0 = Release|Any CPU
		{FC73480C-C339-40E6-A8E5-B1F0CCBF1A75}.Debug|Any CPU.ActiveCfg = Debug|Any CPU
		{FC73480C-C339-40E6-A8E5-B1F0CCBF1A75}.Debug|Any CPU.Build.0 = Debug|Any CPU
		{FC73480C-C339-40E6-A8E5-B1F0CCBF1A75}.Debug|x64.ActiveCfg = Debug|Any CPU
		{FC73480C-C339-40E6-A8E5-B1F0CCBF1A75}.Debug|x64.Build.0 = Debug|Any CPU
		{FC73480C-C339-40E6-A8E5-B1F0CCBF1A75}.Debug|x86.ActiveCfg = Debug|Any CPU
		{FC73480C-C339-40E6-A8E5-B1F0CCBF1A75}.Debug|x86.Build.0 = Debug|Any CPU
		{FC73480C-C339-40E6-A8E5-B1F0CCBF1A75}.Release|Any CPU.ActiveCfg = Release|Any CPU
		{FC73480C-C339-40E6-A8E5-B1F0CCBF1A75}.Release|Any CPU.Build.0 = Release|Any CPU
		{FC73480C-C339-40E6-A8E5-B1F0CCBF1A75}.Release|x64.ActiveCfg = Release|Any CPU
		{FC73480C-C339-40E6-A8E5-B1F0CCBF1A75}.Release|x64.Build.0 = Release|Any CPU
		{FC73480C-C339-40E6-A8E5-B1F0CCBF1A75}.Release|x86.ActiveCfg = Release|Any CPU
		{FC73480C-C339-40E6-A8E5-B1F0CCBF1A75}.Release|x86.Build.0 = Release|Any CPU
		{F500E4F2-BDC2-437B-AD5B-F412F6F43564}.Debug|Any CPU.ActiveCfg = Debug|Any CPU
		{F500E4F2-BDC2-437B-AD5B-F412F6F43564}.Debug|Any CPU.Build.0 = Debug|Any CPU
		{F500E4F2-BDC2-437B-AD5B-F412F6F43564}.Debug|x64.ActiveCfg = Debug|Any CPU
		{F500E4F2-BDC2-437B-AD5B-F412F6F43564}.Debug|x64.Build.0 = Debug|Any CPU
		{F500E4F2-BDC2-437B-AD5B-F412F6F43564}.Debug|x86.ActiveCfg = Debug|Any CPU
		{F500E4F2-BDC2-437B-AD5B-F412F6F43564}.Debug|x86.Build.0 = Debug|Any CPU
		{F500E4F2-BDC2-437B-AD5B-F412F6F43564}.Release|Any CPU.ActiveCfg = Release|Any CPU
		{F500E4F2-BDC2-437B-AD5B-F412F6F43564}.Release|Any CPU.Build.0 = Release|Any CPU
		{F500E4F2-BDC2-437B-AD5B-F412F6F43564}.Release|x64.ActiveCfg = Release|Any CPU
		{F500E4F2-BDC2-437B-AD5B-F412F6F43564}.Release|x64.Build.0 = Release|Any CPU
		{F500E4F2-BDC2-437B-AD5B-F412F6F43564}.Release|x86.ActiveCfg = Release|Any CPU
		{F500E4F2-BDC2-437B-AD5B-F412F6F43564}.Release|x86.Build.0 = Release|Any CPU
	EndGlobalSection
	GlobalSection(SolutionProperties) = preSolution
		HideSolutionNode = FALSE
	EndGlobalSection
	GlobalSection(ExtensibilityGlobals) = postSolution
		SolutionGuid = {F9BA320B-0C4C-4300-A655-4F7C293B279C}
	EndGlobalSection
EndGlobal
